// !$*UTF8*$!
{
	archiveVersion = 1;
	classes = {
	};
	objectVersion = 46;
	objects = {

/* Begin PBXBuildFile section */
		042CAA8819E94BA8004076BB /* Foundation.framework in Frameworks */ = {isa = PBXBuildFile; fileRef = 042CAA8719E94BA8004076BB /* Foundation.framework */; };
		042CAA8A19E94BA8004076BB /* CoreGraphics.framework in Frameworks */ = {isa = PBXBuildFile; fileRef = 042CAA8919E94BA8004076BB /* CoreGraphics.framework */; };
		042CAA8C19E94BA8004076BB /* UIKit.framework in Frameworks */ = {isa = PBXBuildFile; fileRef = 042CAA8B19E94BA8004076BB /* UIKit.framework */; };
		042CAA9219E94BA8004076BB /* InfoPlist.strings in Resources */ = {isa = PBXBuildFile; fileRef = 042CAA9019E94BA8004076BB /* InfoPlist.strings */; };
		042CAA9419E94BA8004076BB /* main.m in Sources */ = {isa = PBXBuildFile; fileRef = 042CAA9319E94BA8004076BB /* main.m */; };
		042CAA9819E94BA8004076BB /* AppDelegate.m in Sources */ = {isa = PBXBuildFile; fileRef = 042CAA9719E94BA8004076BB /* AppDelegate.m */; };
		042CAA9A19E94BA8004076BB /* Images.xcassets in Resources */ = {isa = PBXBuildFile; fileRef = 042CAA9919E94BA8004076BB /* Images.xcassets */; };
		042CAAA119E94BA8004076BB /* XCTest.framework in Frameworks */ = {isa = PBXBuildFile; fileRef = 042CAAA019E94BA8004076BB /* XCTest.framework */; };
		042CAAA219E94BA8004076BB /* Foundation.framework in Frameworks */ = {isa = PBXBuildFile; fileRef = 042CAA8719E94BA8004076BB /* Foundation.framework */; };
		042CAAA319E94BA8004076BB /* UIKit.framework in Frameworks */ = {isa = PBXBuildFile; fileRef = 042CAA8B19E94BA8004076BB /* UIKit.framework */; };
		042CAAAB19E94BA8004076BB /* InfoPlist.strings in Resources */ = {isa = PBXBuildFile; fileRef = 042CAAA919E94BA8004076BB /* InfoPlist.strings */; };
		042CAAAD19E94BA8004076BB /* TeenagersCreateModelTests.m in Sources */ = {isa = PBXBuildFile; fileRef = 042CAAAC19E94BA8004076BB /* TeenagersCreateModelTests.m */; };
/* End PBXBuildFile section */

/* Begin PBXContainerItemProxy section */
		042CAAA419E94BA8004076BB /* PBXContainerItemProxy */ = {
			isa = PBXContainerItemProxy;
			containerPortal = 042CAA7C19E94BA8004076BB /* Project object */;
			proxyType = 1;
			remoteGlobalIDString = 042CAA8319E94BA8004076BB;
			remoteInfo = TeenagersCreateModel;
		};
/* End PBXContainerItemProxy section */

/* Begin PBXFileReference section */
		042CAA8419E94BA8004076BB /* TeenagersCreateModel.app */ = {isa = PBXFileReference; explicitFileType = wrapper.application; includeInIndex = 0; path = TeenagersCreateModel.app; sourceTree = BUILT_PRODUCTS_DIR; };
		042CAA8719E94BA8004076BB /* Foundation.framework */ = {isa = PBXFileReference; lastKnownFileType = wrapper.framework; name = Foundation.framework; path = System/Library/Frameworks/Foundation.framework; sourceTree = SDKROOT; };
		042CAA8919E94BA8004076BB /* CoreGraphics.framework */ = {isa = PBXFileReference; lastKnownFileType = wrapper.framework; name = CoreGraphics.framework; path = System/Library/Frameworks/CoreGraphics.framework; sourceTree = SDKROOT; };
		042CAA8B19E94BA8004076BB /* UIKit.framework */ = {isa = PBXFileReference; lastKnownFileType = wrapper.framework; name = UIKit.framework; path = System/Library/Frameworks/UIKit.framework; sourceTree = SDKROOT; };
		042CAA8F19E94BA8004076BB /* TeenagersCreateModel-Info.plist */ = {isa = PBXFileReference; lastKnownFileType = text.plist.xml; path = "TeenagersCreateModel-Info.plist"; sourceTree = "<group>"; };
		042CAA9119E94BA8004076BB /* en */ = {isa = PBXFileReference; lastKnownFileType = text.plist.strings; name = en; path = en.lproj/InfoPlist.strings; sourceTree = "<group>"; };
		042CAA9319E94BA8004076BB /* main.m */ = {isa = PBXFileReference; lastKnownFileType = sourcecode.c.objc; path = main.m; sourceTree = "<group>"; };
		042CAA9519E94BA8004076BB /* TeenagersCreateModel-Prefix.pch */ = {isa = PBXFileReference; lastKnownFileType = sourcecode.c.h; path = "TeenagersCreateModel-Prefix.pch"; sourceTree = "<group>"; };
		042CAA9619E94BA8004076BB /* AppDelegate.h */ = {isa = PBXFileReference; lastKnownFileType = sourcecode.c.h; path = AppDelegate.h; sourceTree = "<group>"; };
		042CAA9719E94BA8004076BB /* AppDelegate.m */ = {isa = PBXFileReference; lastKnownFileType = sourcecode.c.objc; path = AppDelegate.m; sourceTree = "<group>"; };
		042CAA9919E94BA8004076BB /* Images.xcassets */ = {isa = PBXFileReference; lastKnownFileType = folder.assetcatalog; path = Images.xcassets; sourceTree = "<group>"; };
		042CAA9F19E94BA8004076BB /* TeenagersCreateModelTests.xctest */ = {isa = PBXFileReference; explicitFileType = wrapper.cfbundle; includeInIndex = 0; path = TeenagersCreateModelTests.xctest; sourceTree = BUILT_PRODUCTS_DIR; };
		042CAAA019E94BA8004076BB /* XCTest.framework */ = {isa = PBXFileReference; lastKnownFileType = wrapper.framework; name = XCTest.framework; path = Library/Frameworks/XCTest.framework; sourceTree = DEVELOPER_DIR; };
		042CAAA819E94BA8004076BB /* TeenagersCreateModelTests-Info.plist */ = {isa = PBXFileReference; lastKnownFileType = text.plist.xml; path = "TeenagersCreateModelTests-Info.plist"; sourceTree = "<group>"; };
		042CAAAA19E94BA8004076BB /* en */ = {isa = PBXFileReference; lastKnownFileType = text.plist.strings; name = en; path = en.lproj/InfoPlist.strings; sourceTree = "<group>"; };
		042CAAAC19E94BA8004076BB /* TeenagersCreateModelTests.m */ = {isa = PBXFileReference; lastKnownFileType = sourcecode.c.objc; path = TeenagersCreateModelTests.m; sourceTree = "<group>"; };
/* End PBXFileReference section */

/* Begin PBXFrameworksBuildPhase section */
		042CAA8119E94BA8004076BB /* Frameworks */ = {
			isa = PBXFrameworksBuildPhase;
			buildActionMask = 2147483647;
			files = (
				042CAA8A19E94BA8004076BB /* CoreGraphics.framework in Frameworks */,
				042CAA8C19E94BA8004076BB /* UIKit.framework in Frameworks */,
				042CAA8819E94BA8004076BB /* Foundation.framework in Frameworks */,
			);
			runOnlyForDeploymentPostprocessing = 0;
		};
		042CAA9C19E94BA8004076BB /* Frameworks */ = {
			isa = PBXFrameworksBuildPhase;
			buildActionMask = 2147483647;
			files = (
				042CAAA119E94BA8004076BB /* XCTest.framework in Frameworks */,
				042CAAA319E94BA8004076BB /* UIKit.framework in Frameworks */,
				042CAAA219E94BA8004076BB /* Foundation.framework in Frameworks */,
			);
			runOnlyForDeploymentPostprocessing = 0;
		};
/* End PBXFrameworksBuildPhase section */

/* Begin PBXGroup section */
		042CAA7B19E94BA8004076BB = {
			isa = PBXGroup;
			children = (
				042CAA8D19E94BA8004076BB /* TeenagersCreateModel */,
				042CAAA619E94BA8004076BB /* TeenagersCreateModelTests */,
				042CAA8619E94BA8004076BB /* Frameworks */,
				042CAA8519E94BA8004076BB /* Products */,
			);
			sourceTree = "<group>";
		};
		042CAA8519E94BA8004076BB /* Products */ = {
			isa = PBXGroup;
			children = (
				042CAA8419E94BA8004076BB /* TeenagersCreateModel.app */,
				042CAA9F19E94BA8004076BB /* TeenagersCreateModelTests.xctest */,
			);
			name = Products;
			sourceTree = "<group>";
		};
		042CAA8619E94BA8004076BB /* Frameworks */ = {
			isa = PBXGroup;
			children = (
				042CAA8719E94BA8004076BB /* Foundation.framework */,
				042CAA8919E94BA8004076BB /* CoreGraphics.framework */,
				042CAA8B19E94BA8004076BB /* UIKit.framework */,
				042CAAA019E94BA8004076BB /* XCTest.framework */,
			);
			name = Frameworks;
			sourceTree = "<group>";
		};
		042CAA8D19E94BA8004076BB /* TeenagersCreateModel */ = {
			isa = PBXGroup;
			children = (
				042CAA9619E94BA8004076BB /* AppDelegate.h */,
				042CAA9719E94BA8004076BB /* AppDelegate.m */,
				042CAA9919E94BA8004076BB /* Images.xcassets */,
				042CAA8E19E94BA8004076BB /* Supporting Files */,
			);
			path = TeenagersCreateModel;
			sourceTree = "<group>";
		};
		042CAA8E19E94BA8004076BB /* Supporting Files */ = {
			isa = PBXGroup;
			children = (
				042CAA8F19E94BA8004076BB /* TeenagersCreateModel-Info.plist */,
				042CAA9019E94BA8004076BB /* InfoPlist.strings */,
				042CAA9319E94BA8004076BB /* main.m */,
				042CAA9519E94BA8004076BB /* TeenagersCreateModel-Prefix.pch */,
			);
			name = "Supporting Files";
			sourceTree = "<group>";
		};
		042CAAA619E94BA8004076BB /* TeenagersCreateModelTests */ = {
			isa = PBXGroup;
			children = (
				042CAAAC19E94BA8004076BB /* TeenagersCreateModelTests.m */,
				042CAAA719E94BA8004076BB /* Supporting Files */,
			);
			path = TeenagersCreateModelTests;
			sourceTree = "<group>";
		};
		042CAAA719E94BA8004076BB /* Supporting Files */ = {
			isa = PBXGroup;
			children = (
				042CAAA819E94BA8004076BB /* TeenagersCreateModelTests-Info.plist */,
				042CAAA919E94BA8004076BB /* InfoPlist.strings */,
			);
			name = "Supporting Files";
			sourceTree = "<group>";
		};
/* End PBXGroup section */

/* Begin PBXNativeTarget section */
		042CAA8319E94BA8004076BB /* TeenagersCreateModel */ = {
			isa = PBXNativeTarget;
			buildConfigurationList = 042CAAB019E94BA9004076BB /* Build configuration list for PBXNativeTarget "TeenagersCreateModel" */;
			buildPhases = (
				042CAA8019E94BA8004076BB /* Sources */,
				042CAA8119E94BA8004076BB /* Frameworks */,
				042CAA8219E94BA8004076BB /* Resources */,
			);
			buildRules = (
			);
			dependencies = (
			);
			name = TeenagersCreateModel;
			productName = TeenagersCreateModel;
			productReference = 042CAA8419E94BA8004076BB /* TeenagersCreateModel.app */;
			productType = "com.apple.product-type.application";
		};
		042CAA9E19E94BA8004076BB /* TeenagersCreateModelTests */ = {
			isa = PBXNativeTarget;
			buildConfigurationList = 042CAAB319E94BA9004076BB /* Build configuration list for PBXNativeTarget "TeenagersCreateModelTests" */;
			buildPhases = (
				042CAA9B19E94BA8004076BB /* Sources */,
				042CAA9C19E94BA8004076BB /* Frameworks */,
				042CAA9D19E94BA8004076BB /* Resources */,
			);
			buildRules = (
			);
			dependencies = (
				042CAAA519E94BA8004076BB /* PBXTargetDependency */,
			);
			name = TeenagersCreateModelTests;
			productName = TeenagersCreateModelTests;
			productReference = 042CAA9F19E94BA8004076BB /* TeenagersCreateModelTests.xctest */;
			productType = "com.apple.product-type.bundle.unit-test";
		};
/* End PBXNativeTarget section */

/* Begin PBXProject section */
		042CAA7C19E94BA8004076BB /* Project object */ = {
			isa = PBXProject;
			attributes = {
				LastUpgradeCheck = 0510;
				ORGANIZATIONNAME = mac;
				TargetAttributes = {
					042CAA9E19E94BA8004076BB = {
						TestTargetID = 042CAA8319E94BA8004076BB;
					};
				};
			};
			buildConfigurationList = 042CAA7F19E94BA8004076BB /* Build configuration list for PBXProject "TeenagersCreateModel" */;
			compatibilityVersion = "Xcode 3.2";
			developmentRegion = English;
			hasScannedForEncodings = 0;
			knownRegions = (
				en,
			);
			mainGroup = 042CAA7B19E94BA8004076BB;
			productRefGroup = 042CAA8519E94BA8004076BB /* Products */;
			projectDirPath = "";
			projectRoot = "";
			targets = (
				042CAA8319E94BA8004076BB /* TeenagersCreateModel */,
				042CAA9E19E94BA8004076BB /* TeenagersCreateModelTests */,
			);
		};
/* End PBXProject section */

/* Begin PBXResourcesBuildPhase section */
		042CAA8219E94BA8004076BB /* Resources */ = {
			isa = PBXResourcesBuildPhase;
			buildActionMask = 2147483647;
			files = (
				042CAA9219E94BA8004076BB /* InfoPlist.strings in Resources */,
				042CAA9A19E94BA8004076BB /* Images.xcassets in Resources */,
			);
			runOnlyForDeploymentPostprocessing = 0;
		};
		042CAA9D19E94BA8004076BB /* Resources */ = {
			isa = PBXResourcesBuildPhase;
			buildActionMask = 2147483647;
			files = (
				042CAAAB19E94BA8004076BB /* InfoPlist.strings in Resources */,
			);
			runOnlyForDeploymentPostprocessing = 0;
		};
/* End PBXResourcesBuildPhase section */

/* Begin PBXSourcesBuildPhase section */
		042CAA8019E94BA8004076BB /* Sources */ = {
			isa = PBXSourcesBuildPhase;
			buildActionMask = 2147483647;
			files = (
				042CAA9819E94BA8004076BB /* AppDelegate.m in Sources */,
				042CAA9419E94BA8004076BB /* main.m in Sources */,
			);
			runOnlyForDeploymentPostprocessing = 0;
		};
		042CAA9B19E94BA8004076BB /* Sources */ = {
			isa = PBXSourcesBuildPhase;
			buildActionMask = 2147483647;
			files = (
				042CAAAD19E94BA8004076BB /* TeenagersCreateModelTests.m in Sources */,
			);
			runOnlyForDeploymentPostprocessing = 0;
		};
/* End PBXSourcesBuildPhase section */

/* Begin PBXTargetDependency section */
		042CAAA519E94BA8004076BB /* PBXTargetDependency */ = {
			isa = PBXTargetDependency;
			target = 042CAA8319E94BA8004076BB /* TeenagersCreateModel */;
			targetProxy = 042CAAA419E94BA8004076BB /* PBXContainerItemProxy */;
		};
/* End PBXTargetDependency section */

/* Begin PBXVariantGroup section */
		042CAA9019E94BA8004076BB /* InfoPlist.strings */ = {
			isa = PBXVariantGroup;
			children = (
				042CAA9119E94BA8004076BB /* en */,
			);
			name = InfoPlist.strings;
			sourceTree = "<group>";
		};
		042CAAA919E94BA8004076BB /* InfoPlist.strings */ = {
			isa = PBXVariantGroup;
			children = (
				042CAAAA19E94BA8004076BB /* en */,
			);
			name = InfoPlist.strings;
			sourceTree = "<group>";
		};
/* End PBXVariantGroup section */

/* Begin XCBuildConfiguration section */
		042CAAAE19E94BA9004076BB /* Debug */ = {
			isa = XCBuildConfiguration;
			buildSettings = {
				ALWAYS_SEARCH_USER_PATHS = NO;
				CLANG_CXX_LANGUAGE_STANDARD = "gnu++0x";
				CLANG_CXX_LIBRARY = "libc++";
				CLANG_ENABLE_MODULES = YES;
				CLANG_ENABLE_OBJC_ARC = YES;
				CLANG_WARN_BOOL_CONVERSION = YES;
				CLANG_WARN_CONSTANT_CONVERSION = YES;
				CLANG_WARN_DIRECT_OBJC_ISA_USAGE = YES_ERROR;
				CLANG_WARN_EMPTY_BODY = YES;
				CLANG_WARN_ENUM_CONVERSION = YES;
				CLANG_WARN_INT_CONVERSION = YES;
				CLANG_WARN_OBJC_ROOT_CLASS = YES_ERROR;
				CLANG_WARN__DUPLICATE_METHOD_MATCH = YES;
				"CODE_SIGN_IDENTITY[sdk=iphoneos*]" = "iPhone Developer";
				COPY_PHASE_STRIP = NO;
				GCC_C_LANGUAGE_STANDARD = gnu99;
				GCC_DYNAMIC_NO_PIC = NO;
				GCC_OPTIMIZATION_LEVEL = 0;
				GCC_PREPROCESSOR_DEFINITIONS = (
					"DEBUG=1",
					"$(inherited)",
				);
				GCC_SYMBOLS_PRIVATE_EXTERN = NO;
				GCC_WARN_64_TO_32_BIT_CONVERSION = YES;
				GCC_WARN_ABOUT_RETURN_TYPE = YES_ERROR;
				GCC_WARN_UNDECLARED_SELECTOR = YES;
				GCC_WARN_UNINITIALIZED_AUTOS = YES_AGGRESSIVE;
				GCC_WARN_UNUSED_FUNCTION = YES;
				GCC_WARN_UNUSED_VARIABLE = YES;
				IPHONEOS_DEPLOYMENT_TARGET = 7.1;
				ONLY_ACTIVE_ARCH = YES;
				SDKROOT = iphoneos;
			};
			name = Debug;
		};
		042CAAAF19E94BA9004076BB /* Release */ = {
			isa = XCBuildConfiguration;
			buildSettings = {
				ALWAYS_SEARCH_USER_PATHS = NO;
				CLANG_CXX_LANGUAGE_STANDARD = "gnu++0x";
				CLANG_CXX_LIBRARY = "libc++";
				CLANG_ENABLE_MODULES = YES;
				CLANG_ENABLE_OBJC_ARC = YES;
				CLANG_WARN_BOOL_CONVERSION = YES;
				CLANG_WARN_CONSTANT_CONVERSION = YES;
				CLANG_WARN_DIRECT_OBJC_ISA_USAGE = YES_ERROR;
				CLANG_WARN_EMPTY_BODY = YES;
				CLANG_WARN_ENUM_CONVERSION = YES;
				CLANG_WARN_INT_CONVERSION = YES;
				CLANG_WARN_OBJC_ROOT_CLASS = YES_ERROR;
				CLANG_WARN__DUPLICATE_METHOD_MATCH = YES;
				"CODE_SIGN_IDENTITY[sdk=iphoneos*]" = "iPhone Developer";
				COPY_PHASE_STRIP = YES;
				ENABLE_NS_ASSERTIONS = NO;
				GCC_C_LANGUAGE_STANDARD = gnu99;
				GCC_WARN_64_TO_32_BIT_CONVERSION = YES;
				GCC_WARN_ABOUT_RETURN_TYPE = YES_ERROR;
				GCC_WARN_UNDECLARED_SELECTOR = YES;
				GCC_WARN_UNINITIALIZED_AUTOS = YES_AGGRESSIVE;
				GCC_WARN_UNUSED_FUNCTION = YES;
				GCC_WARN_UNUSED_VARIABLE = YES;
				IPHONEOS_DEPLOYMENT_TARGET = 7.1;
				SDKROOT = iphoneos;
				VALIDATE_PRODUCT = YES;
			};
			name = Release;
		};
		042CAAB119E94BA9004076BB /* Debug */ = {
			isa = XCBuildConfiguration;
			buildSettings = {
				ASSETCATALOG_COMPILER_APPICON_NAME = AppIcon;
				ASSETCATALOG_COMPILER_LAUNCHIMAGE_NAME = LaunchImage;
				GCC_PRECOMPILE_PREFIX_HEADER = YES;
				GCC_PREFIX_HEADER = "TeenagersCreateModel/TeenagersCreateModel-Prefix.pch";
				INFOPLIST_FILE = "TeenagersCreateModel/TeenagersCreateModel-Info.plist";
				PRODUCT_NAME = "$(TARGET_NAME)";
				WRAPPER_EXTENSION = app;
			};
			name = Debug;
		};
		042CAAB219E94BA9004076BB /* Release */ = {
			isa = XCBuildConfiguration;
			buildSettings = {
				ASSETCATALOG_COMPILER_APPICON_NAME = AppIcon;
				ASSETCATALOG_COMPILER_LAUNCHIMAGE_NAME = LaunchImage;
				GCC_PRECOMPILE_PREFIX_HEADER = YES;
				GCC_PREFIX_HEADER = "TeenagersCreateModel/TeenagersCreateModel-Prefix.pch";
				INFOPLIST_FILE = "TeenagersCreateModel/TeenagersCreateModel-Info.plist";
				PRODUCT_NAME = "$(TARGET_NAME)";
				WRAPPER_EXTENSION = app;
			};
			name = Release;
		};
		042CAAB419E94BA9004076BB /* Debug */ = {
			isa = XCBuildConfiguration;
			buildSettings = {
				BUNDLE_LOADER = "$(BUILT_PRODUCTS_DIR)/TeenagersCreateModel.app/TeenagersCreateModel";
				FRAMEWORK_SEARCH_PATHS = (
					"$(SDKROOT)/Developer/Library/Frameworks",
					"$(inherited)",
					"$(DEVELOPER_FRAMEWORKS_DIR)",
				);
				GCC_PRECOMPILE_PREFIX_HEADER = YES;
				GCC_PREFIX_HEADER = "TeenagersCreateModel/TeenagersCreateModel-Prefix.pch";
				GCC_PREPROCESSOR_DEFINITIONS = (
					"DEBUG=1",
					"$(inherited)",
				);
				INFOPLIST_FILE = "TeenagersCreateModelTests/TeenagersCreateModelTests-Info.plist";
				PRODUCT_NAME = "$(TARGET_NAME)";
				TEST_HOST = "$(BUNDLE_LOADER)";
				WRAPPER_EXTENSION = xctest;
			};
			name = Debug;
		};
		042CAAB519E94BA9004076BB /* Release */ = {
			isa = XCBuildConfiguration;
			buildSettings = {
				BUNDLE_LOADER = "$(BUILT_PRODUCTS_DIR)/TeenagersCreateModel.app/TeenagersCreateModel";
				FRAMEWORK_SEARCH_PATHS = (
					"$(SDKROOT)/Developer/Library/Frameworks",
					"$(inherited)",
					"$(DEVELOPER_FRAMEWORKS_DIR)",
				);
				GCC_PRECOMPILE_PREFIX_HEADER = YES;
				GCC_PREFIX_HEADER = "TeenagersCreateModel/TeenagersCreateModel-Prefix.pch";
				INFOPLIST_FILE = "TeenagersCreateModelTests/TeenagersCreateModelTests-Info.plist";
				PRODUCT_NAME = "$(TARGET_NAME)";
				TEST_HOST = "$(BUNDLE_LOADER)";
				WRAPPER_EXTENSION = xctest;
			};
			name = Release;
		};
/* End XCBuildConfiguration section */

/* Begin XCConfigurationList section */
		042CAA7F19E94BA8004076BB /* Build configuration list for PBXProject "TeenagersCreateModel" */ = {
			isa = XCConfigurationList;
			buildConfigurations = (
				042CAAAE19E94BA9004076BB /* Debug */,
				042CAAAF19E94BA9004076BB /* Release */,
			);
			defaultConfigurationIsVisible = 0;
			defaultConfigurationName = Release;
		};
		042CAAB019E94BA9004076BB /* Build configuration list for PBXNativeTarget "TeenagersCreateModel" */ = {
			isa = XCConfigurationList;
			buildConfigurations = (
				042CAAB119E94BA9004076BB /* Debug */,
				042CAAB219E94BA9004076BB /* Release */,
			);
			defaultConfigurationIsVisible = 0;
		};
		042CAAB319E94BA9004076BB /* Build configuration list for PBXNativeTarget "TeenagersCreateModelTests" */ = {
			isa = XCConfigurationList;
			buildConfigurations = (
				042CAAB419E94BA9004076BB /* Debug */,
				042CAAB519E94BA9004076BB /* Release */,
			);
			defaultConfigurationIsVisible = 0;
		};
/* End XCConfigurationList section */
	};
	rootObject = 042CAA7C19E94BA8004076BB /* Project object */;
}
